
Microsoft Visual Studio Solution File, Format Version 12.00
# Visual Studio 15
VisualStudioVersion = 15.0.27428.2037
MinimumVisualStudioVersion = 10.0.40219.1
Project("{FAE04EC0-301F-11D3-BF4B-00C04F79EFBC}") = "PowerPoint-OSC", "PowerPoint-OSC\PowerPoint-OSC.csproj", "{03973128-DDB7-49B4-B67F-CEB8C8542325}"
EndProject
Global
	GlobalSection(SolutionConfigurationPlatforms) = preSolution
		Debug|Any CPU = Debug|Any CPU
		Release|Any CPU = Release|Any CPU
	EndGlobalSection
	GlobalSection(ProjectConfigurationPlatforms) = postSolution
		{03973128-DDB7-49B4-B67F-CEB8C8542325}.Debug|Any CPU.ActiveCfg = Debug|Any CPU
		{03973128-DDB7-49B4-B67F-CEB8C8542325}.Debug|Any CPU.Build.0 = Debug|Any CPU
		{03973128-DDB7-49B4-B67F-CEB8C8542325}.Release|Any CPU.ActiveCfg = Release|Any CPU
		{03973128-DDB7-49B4-B67F-CEB8C8542325}.Release|Any CPU.Build.0 = Release|Any CPU
	EndGlobalSection
	GlobalSection(SolutionProperties) = preSolution
		HideSolutionNode = FALSE
	EndGlobalSection
	GlobalSection(ExtensibilityGlobals) = postSolution
		SolutionGuid = {E1093BF6-44B5-4193-BA0F-A587E3ED3F4A}
	EndGlobalSection
EndGlobal
